
Microsoft Visual Studio Solution File, Format Version 12.00
# Visual Studio Version 16
VisualStudioVersion = 16.0.31129.286
MinimumVisualStudioVersion = 10.0.40219.1
Project("{9A19103F-16F7-4668-BE54-9A1E7A4F7556}") = "DataAccess", "DataAccess\DataAccess.csproj", "{FA4FF646-5954-453A-A0F2-33F102E8336B}"
EndProject
Project("{9A19103F-16F7-4668-BE54-9A1E7A4F7556}") = "Business", "Business\Business.csproj", "{97D3ACC7-B8AE-417D-93BE-BE3F111A9FFA}"
EndProject
Project("{9A19103F-16F7-4668-BE54-9A1E7A4F7556}") = "Entities", "Entities\Entities.csproj", "{F5865F1F-2D5A-4F34-ADD3-8BF513C5E921}"
EndProject
Project("{9A19103F-16F7-4668-BE54-9A1E7A4F7556}") = "ConsoleUI", "ConsoleUI\ConsoleUI.csproj", "{270B831D-DC13-472D-AB10-6D2914F53F9C}"
EndProject
Global
	GlobalSection(SolutionConfigurationPlatforms) = preSolution
		Debug|Any CPU = Debug|Any CPU
		Release|Any CPU = Release|Any CPU
	EndGlobalSection
	GlobalSection(ProjectConfigurationPlatforms) = postSolution
		{FA4FF646-5954-453A-A0F2-33F102E8336B}.Debug|Any CPU.ActiveCfg = Debug|Any CPU
		{FA4FF646-5954-453A-A0F2-33F102E8336B}.Debug|Any CPU.Build.0 = Debug|Any CPU
		{FA4FF646-5954-453A-A0F2-33F102E8336B}.Release|Any CPU.ActiveCfg = Release|Any CPU
		{FA4FF646-5954-453A-A0F2-33F102E8336B}.Release|Any CPU.Build.0 = Release|Any CPU
		{97D3ACC7-B8AE-417D-93BE-BE3F111A9FFA}.Debug|Any CPU.ActiveCfg = Debug|Any CPU
		{97D3ACC7-B8AE-417D-93BE-BE3F111A9FFA}.Debug|Any CPU.Build.0 = Debug|Any CPU
		{97D3ACC7-B8AE-417D-93BE-BE3F111A9FFA}.Release|Any CPU.ActiveCfg = Release|Any CPU
		{97D3ACC7-B8AE-417D-93BE-BE3F111A9FFA}.Release|Any CPU.Build.0 = Release|Any CPU
		{F5865F1F-2D5A-4F34-ADD3-8BF513C5E921}.Debug|Any CPU.ActiveCfg = Debug|Any CPU
		{F5865F1F-2D5A-4F34-ADD3-8BF513C5E921}.Debug|Any CPU.Build.0 = Debug|Any CPU
		{F5865F1F-2D5A-4F34-ADD3-8BF513C5E921}.Release|Any CPU.ActiveCfg = Release|Any CPU
		{F5865F1F-2D5A-4F34-ADD3-8BF513C5E921}.Release|Any CPU.Build.0 = Release|Any CPU
		{270B831D-DC13-472D-AB10-6D2914F53F9C}.Debug|Any CPU.ActiveCfg = Debug|Any CPU
		{270B831D-DC13-472D-AB10-6D2914F53F9C}.Debug|Any CPU.Build.0 = Debug|Any CPU
		{270B831D-DC13-472D-AB10-6D2914F53F9C}.Release|Any CPU.ActiveCfg = Release|Any CPU
		{270B831D-DC13-472D-AB10-6D2914F53F9C}.Release|Any CPU.Build.0 = Release|Any CPU
	EndGlobalSection
	GlobalSection(SolutionProperties) = preSolution
		HideSolutionNode = FALSE
	EndGlobalSection
	GlobalSection(ExtensibilityGlobals) = postSolution
		SolutionGuid = {3C1B4B0E-40DA-408D-9BDE-7EB5CFDBF6AE}
	EndGlobalSection
EndGlobal
